
Microsoft Visual Studio Solution File, Format Version 12.00
# Visual Studio Version 17
VisualStudioVersion = 17.7.34031.279
MinimumVisualStudioVersion = 10.0.40219.1
Project("{FAE04EC0-301F-11D3-BF4B-00C04F79EFBC}") = "P6_1_714220063", "P6_1_714220063\P6_1_714220063.csproj", "{F3185A51-3CFA-49F3-A892-1F763254C439}"
EndProject
Global
	GlobalSection(SolutionConfigurationPlatforms) = preSolution
		Debug|Any CPU = Debug|Any CPU
		Release|Any CPU = Release|Any CPU
	EndGlobalSection
	GlobalSection(ProjectConfigurationPlatforms) = postSolution
		{F3185A51-3CFA-49F3-A892-1F763254C439}.Debug|Any CPU.ActiveCfg = Debug|Any CPU
		{F3185A51-3CFA-49F3-A892-1F763254C439}.Debug|Any CPU.Build.0 = Debug|Any CPU
		{F3185A51-3CFA-49F3-A892-1F763254C439}.Release|Any CPU.ActiveCfg = Release|Any CPU
		{F3185A51-3CFA-49F3-A892-1F763254C439}.Release|Any CPU.Build.0 = Release|Any CPU
	EndGlobalSection
	GlobalSection(SolutionProperties) = preSolution
		HideSolutionNode = FALSE
	EndGlobalSection
	GlobalSection(ExtensibilityGlobals) = postSolution
		SolutionGuid = {C0467165-88E6-4DF7-ADDA-A00EFB912C2D}
	EndGlobalSection
EndGlobal
