
Microsoft Visual Studio Solution File, Format Version 12.00
# Visual Studio Version 17
VisualStudioVersion = 17.7.34202.233
MinimumVisualStudioVersion = 10.0.40219.1
Project("{FAE04EC0-301F-11D3-BF4B-00C04F79EFBC}") = "P5_1_714220063", "P5_1_714220063\P5_1_714220063.csproj", "{5160C493-967C-45C2-A71C-A97A5485CB9B}"
EndProject
Global
	GlobalSection(SolutionConfigurationPlatforms) = preSolution
		Debug|Any CPU = Debug|Any CPU
		Release|Any CPU = Release|Any CPU
	EndGlobalSection
	GlobalSection(ProjectConfigurationPlatforms) = postSolution
		{5160C493-967C-45C2-A71C-A97A5485CB9B}.Debug|Any CPU.ActiveCfg = Debug|Any CPU
		{5160C493-967C-45C2-A71C-A97A5485CB9B}.Debug|Any CPU.Build.0 = Debug|Any CPU
		{5160C493-967C-45C2-A71C-A97A5485CB9B}.Release|Any CPU.ActiveCfg = Release|Any CPU
		{5160C493-967C-45C2-A71C-A97A5485CB9B}.Release|Any CPU.Build.0 = Release|Any CPU
	EndGlobalSection
	GlobalSection(SolutionProperties) = preSolution
		HideSolutionNode = FALSE
	EndGlobalSection
	GlobalSection(ExtensibilityGlobals) = postSolution
		SolutionGuid = {0BE58C50-B665-4CD8-9F62-F01ED4B97FE1}
	EndGlobalSection
EndGlobal
