
Microsoft Visual Studio Solution File, Format Version 12.00
# Visual Studio Version 17
VisualStudioVersion = 17.7.34031.279
MinimumVisualStudioVersion = 10.0.40219.1
Project("{FAE04EC0-301F-11D3-BF4B-00C04F79EFBC}") = "P11_714220063", "P11_714220063\P11_714220063.csproj", "{5C2DCB9D-91AA-47B8-8FF2-128C15FAD6F9}"
EndProject
Global
	GlobalSection(SolutionConfigurationPlatforms) = preSolution
		Debug|Any CPU = Debug|Any CPU
		Release|Any CPU = Release|Any CPU
	EndGlobalSection
	GlobalSection(ProjectConfigurationPlatforms) = postSolution
		{5C2DCB9D-91AA-47B8-8FF2-128C15FAD6F9}.Debug|Any CPU.ActiveCfg = Debug|Any CPU
		{5C2DCB9D-91AA-47B8-8FF2-128C15FAD6F9}.Debug|Any CPU.Build.0 = Debug|Any CPU
		{5C2DCB9D-91AA-47B8-8FF2-128C15FAD6F9}.Release|Any CPU.ActiveCfg = Release|Any CPU
		{5C2DCB9D-91AA-47B8-8FF2-128C15FAD6F9}.Release|Any CPU.Build.0 = Release|Any CPU
	EndGlobalSection
	GlobalSection(SolutionProperties) = preSolution
		HideSolutionNode = FALSE
	EndGlobalSection
	GlobalSection(ExtensibilityGlobals) = postSolution
		SolutionGuid = {056F592C-0076-49DA-9A96-DD315573084B}
	EndGlobalSection
EndGlobal
