
Microsoft Visual Studio Solution File, Format Version 12.00
# Visual Studio Version 17
VisualStudioVersion = 17.7.34031.279
MinimumVisualStudioVersion = 10.0.40219.1
Project("{FAE04EC0-301F-11D3-BF4B-00C04F79EFBC}") = "P6_3_714220063", "P6_3_714220063\P6_3_714220063.csproj", "{F6CB3EE6-0D42-4F81-A3E2-C4A54A24F975}"
EndProject
Global
	GlobalSection(SolutionConfigurationPlatforms) = preSolution
		Debug|Any CPU = Debug|Any CPU
		Release|Any CPU = Release|Any CPU
	EndGlobalSection
	GlobalSection(ProjectConfigurationPlatforms) = postSolution
		{F6CB3EE6-0D42-4F81-A3E2-C4A54A24F975}.Debug|Any CPU.ActiveCfg = Debug|Any CPU
		{F6CB3EE6-0D42-4F81-A3E2-C4A54A24F975}.Debug|Any CPU.Build.0 = Debug|Any CPU
		{F6CB3EE6-0D42-4F81-A3E2-C4A54A24F975}.Release|Any CPU.ActiveCfg = Release|Any CPU
		{F6CB3EE6-0D42-4F81-A3E2-C4A54A24F975}.Release|Any CPU.Build.0 = Release|Any CPU
	EndGlobalSection
	GlobalSection(SolutionProperties) = preSolution
		HideSolutionNode = FALSE
	EndGlobalSection
	GlobalSection(ExtensibilityGlobals) = postSolution
		SolutionGuid = {F6CC311C-0450-497C-93E6-F2161C3F3C42}
	EndGlobalSection
EndGlobal
